hash: e915817f40097a38d3f552da1eb880407f28a5f92b20d16355087f88c3784587
updated: 2016-01-13T12:43:10.317757224-05:00
imports:
- name: github.com/boltdb/bolt
  version: 4030e7fbc16465ec02334c93396b57629438096e
- name: github.com/davidreynolds/gos2
  version: d21eee5e333604b7cd1852a668ca2854c3ed16e7
  subpackages:
  - /s2
- name: github.com/golang/protobuf
  version: 2402d76f3d41f928c7902a765dfc872356dd3aad
- name: github.com/golang/snappy
  version: 723cc1e459b8eea2dea4583200fd60757d40097a
- name: github.com/onsi/ginkgo
  version: e43390e35a4a88f3f95d5ddf9055efb7a1170469
- name: github.com/onsi/gomega
  version: 0fe204460da2c8fa1babcaac196e694de8f1aaa1
- name: github.com/syndtr/goleveldb
  version: 5acacf6e72d3aeaf26dd3d3f163c635d3ef1e6e6
  subpackages:
  - /leveldb
  - leveldb/opt
  - leveldb/util
- name: github.com/timehop/gos2
  version: 004cde1d85c2ef02a66c6c769d44b293d28879f5
  subpackages:
  - /s2
- name: github.com/TomiHiltunen/geohash-golang
  version: b3e4e625abfb033eb0ae83c0566afcea2f138206
devImports: []
